
Microsoft Visual Studio Solution File, Format Version 12.00
# Visual Studio Version 17
VisualStudioVersion = 17.12.35527.113 d17.12
MinimumVisualStudioVersion = 10.0.40219.1
Project("{FAE04EC0-301F-11D3-BF4B-00C04F79EFBC}") = "ServiceA", "ServiceA\ServiceA.csproj", "{ED1A7502-11BF-4AA0-9164-5AC0D76E5CD1}"
EndProject
Project("{FAE04EC0-301F-11D3-BF4B-00C04F79EFBC}") = "FrontendService", "FrontendService\FrontendService.csproj", "{3288FA13-5C70-4EF4-B4B4-6C51295A485E}"
EndProject
Global
	GlobalSection(SolutionConfigurationPlatforms) = preSolution
		Debug|Any CPU = Debug|Any CPU
		Release|Any CPU = Release|Any CPU
	EndGlobalSection
	GlobalSection(ProjectConfigurationPlatforms) = postSolution
		{ED1A7502-11BF-4AA0-9164-5AC0D76E5CD1}.Debug|Any CPU.ActiveCfg = Debug|Any CPU
		{ED1A7502-11BF-4AA0-9164-5AC0D76E5CD1}.Debug|Any CPU.Build.0 = Debug|Any CPU
		{ED1A7502-11BF-4AA0-9164-5AC0D76E5CD1}.Release|Any CPU.ActiveCfg = Release|Any CPU
		{ED1A7502-11BF-4AA0-9164-5AC0D76E5CD1}.Release|Any CPU.Build.0 = Release|Any CPU
		{3288FA13-5C70-4EF4-B4B4-6C51295A485E}.Debug|Any CPU.ActiveCfg = Debug|Any CPU
		{3288FA13-5C70-4EF4-B4B4-6C51295A485E}.Debug|Any CPU.Build.0 = Debug|Any CPU
		{3288FA13-5C70-4EF4-B4B4-6C51295A485E}.Release|Any CPU.ActiveCfg = Release|Any CPU
		{3288FA13-5C70-4EF4-B4B4-6C51295A485E}.Release|Any CPU.Build.0 = Release|Any CPU
	EndGlobalSection
	GlobalSection(SolutionProperties) = preSolution
		HideSolutionNode = FALSE
	EndGlobalSection
EndGlobal
